
Microsoft Visual Studio Solution File, Format Version 12.00
# Visual Studio Version 17
VisualStudioVersion = 17.3.32819.101
MinimumVisualStudioVersion = 10.0.40219.1
Project("{FAE04EC0-301F-11D3-BF4B-00C04F79EFBC}") = "Vis0rDeImagenes", "Vis0rDeImagenes\Vis0rDeImagenes.csproj", "{CA735AE1-4537-4A8B-89F2-8D1E0D32EE03}"
EndProject
Global
	GlobalSection(SolutionConfigurationPlatforms) = preSolution
		Debug|Any CPU = Debug|Any CPU
		Release|Any CPU = Release|Any CPU
	EndGlobalSection
	GlobalSection(ProjectConfigurationPlatforms) = postSolution
		{CA735AE1-4537-4A8B-89F2-8D1E0D32EE03}.Debug|Any CPU.ActiveCfg = Debug|Any CPU
		{CA735AE1-4537-4A8B-89F2-8D1E0D32EE03}.Debug|Any CPU.Build.0 = Debug|Any CPU
		{CA735AE1-4537-4A8B-89F2-8D1E0D32EE03}.Release|Any CPU.ActiveCfg = Release|Any CPU
		{CA735AE1-4537-4A8B-89F2-8D1E0D32EE03}.Release|Any CPU.Build.0 = Release|Any CPU
	EndGlobalSection
	GlobalSection(SolutionProperties) = preSolution
		HideSolutionNode = FALSE
	EndGlobalSection
	GlobalSection(ExtensibilityGlobals) = postSolution
		SolutionGuid = {38EDDFBA-C2CC-46C4-B2B5-520AEACF5113}
	EndGlobalSection
EndGlobal
